<?xml version="1.0" encoding="utf-8"?>
<Project ToolsVersion="4.0" xmlns="http://schemas.microsoft.com/developer/msbuild/2003">
  <ItemGroup>
    <Filter Include="Исходные файлы">
      <UniqueIdentifier>{4FC737F1-C7A5-4376-A066-2A32D752A2FF}</UniqueIdentifier>
      <Extensions>cpp;c;cc;cxx;c++;cppm;ixx;def;odl;idl;hpj;bat;asm;asmx</Extensions>
    </Filter>
    <Filter Include="Файлы заголовков">
      <UniqueIdentifier>{93995380-89BD-4b04-88EB-625FBE52EBFB}</UniqueIdentifier>
      <Extensions>h;hh;hpp;hxx;h++;hm;inl;inc;ipp;xsd</Extensions>
    </Filter>
    <Filter Include="Файлы ресурсов">
      <UniqueIdentifier>{67DA6AB6-F800-4c08-8B7A-83BB121AAD01}</UniqueIdentifier>
      <Extensions>rc;ico;cur;bmp;dlg;rc2;rct;bin;rgs;gif;jpg;jpeg;jpe;resx;tiff;tif;png;wav;mfcribbon-ms</Extensions>
    </Filter>
    <Filter Include="Файлы ресурсов\Source">
      <UniqueIdentifier>{f436295c-8a9c-4a91-8961-9888f0af3a5f}</UniqueIdentifier>
    </Filter>
    <Filter Include="Исходные файлы\Setting">
      <UniqueIdentifier>{d5e9861a-b2cb-474a-9507-babc6a5bd2c2}</UniqueIdentifier>
    </Filter>
    <Filter Include="Исходные файлы\Players">
      <UniqueIdentifier>{951b9f9f-e0e0-4841-8aea-527ad0ddb438}</UniqueIdentifier>
    </Filter>
    <Filter Include="Исходные файлы\MenusInformations">
      <UniqueIdentifier>{4141f420-0a9a-423f-a4e6-40b0ed899e49}</UniqueIdentifier>
    </Filter>
    <Filter Include="Файлы заголовков\MenusInformations">
      <UniqueIdentifier>{415b7012-ee7e-4b84-b6ef-310681900a3e}</UniqueIdentifier>
    </Filter>
    <Filter Include="Файлы заголовков\Setting">
      <UniqueIdentifier>{b6590ad0-d3f3-40c5-9497-2226eb8d7e75}</UniqueIdentifier>
    </Filter>
    <Filter Include="Файлы заголовков\Players">
      <UniqueIdentifier>{1af067e6-2982-42e2-b48b-052d54a172ca}</UniqueIdentifier>
    </Filter>
  </ItemGroup>
  <ItemGroup>
    <ClInclude Include="Board.hpp">
      <Filter>Файлы заголовков</Filter>
    </ClInclude>
    <ClInclude Include="Game.hpp">
      <Filter>Файлы заголовков</Filter>
    </ClInclude>
    <ClInclude Include="MenuItem.hpp">
      <Filter>Файлы заголовков\MenusInformations</Filter>
    </ClInclude>
    <ClInclude Include="Menu.hpp">
      <Filter>Файлы заголовков\MenusInformations</Filter>
    </ClInclude>
    <ClInclude Include="Setting.hpp">
      <Filter>Файлы заголовков\Setting</Filter>
    </ClInclude>
    <ClInclude Include="AIPlayer.hpp">
      <Filter>Файлы заголовков\Players</Filter>
    </ClInclude>
    <ClInclude Include="Player.hpp">
      <Filter>Файлы заголовков\Players</Filter>
    </ClInclude>
  </ItemGroup>
  <ItemGroup>
    <ClCompile Include="Board.cpp">
      <Filter>Исходные файлы</Filter>
    </ClCompile>
    <ClCompile Include="Game.cpp">
      <Filter>Исходные файлы</Filter>
    </ClCompile>
    <ClCompile Include="main.cpp">
      <Filter>Файлы ресурсов\Source</Filter>
    </ClCompile>
    <ClCompile Include="Setting.cpp">
      <Filter>Исходные файлы\Setting</Filter>
    </ClCompile>
    <ClCompile Include="Player.cpp">
      <Filter>Исходные файлы\Players</Filter>
    </ClCompile>
    <ClCompile Include="AIPlayer.cpp">
      <Filter>Исходные файлы\Players</Filter>
    </ClCompile>
    <ClCompile Include="Menu.cpp">
      <Filter>Исходные файлы\MenusInformations</Filter>
    </ClCompile>
    <ClCompile Include="MenuItem.cpp">
      <Filter>Исходные файлы\MenusInformations</Filter>
    </ClCompile>
    <ClCompile Include="OutputInformation.cpp">
      <Filter>Исходные файлы\MenusInformations</Filter>
    </ClCompile>
    <ClCompile Include="OutputInformation.hpp">
      <Filter>Файлы заголовков\MenusInformations</Filter>
    </ClCompile>
  </ItemGroup>
  <ItemGroup>
    <None Include="language.json">
      <Filter>Файлы ресурсов\Source</Filter>
    </None>
  </ItemGroup>
</Project>